// !$*UTF8*$!
{
	archiveVersion = 1;
	classes = {
	};
	objectVersion = 56;
	objects = {

/* Begin PBXBuildFile section */
		FBC758C8294DF5B70099E39A /* AppDelegate.swift in Sources */ = {isa = PBXBuildFile; fileRef = FBC758C7294DF5B70099E39A /* AppDelegate.swift */; };
		FBC758CA294DF5B70099E39A /* SceneDelegate.swift in Sources */ = {isa = PBXBuildFile; fileRef = FBC758C9294DF5B70099E39A /* SceneDelegate.swift */; };
		FBC758D1294DF5B90099E39A /* Assets.xcassets in Resources */ = {isa = PBXBuildFile; fileRef = FBC758D0294DF5B90099E39A /* Assets.xcassets */; };
		FBC758D4294DF5B90099E39A /* LaunchScreen.storyboard in Resources */ = {isa = PBXBuildFile; fileRef = FBC758D2294DF5B90099E39A /* LaunchScreen.storyboard */; };
		FBC758DC294DF6200099E39A /* BeerListViewController.swift in Sources */ = {isa = PBXBuildFile; fileRef = FBC758DB294DF6200099E39A /* BeerListViewController.swift */; };
		FBC758DF294DF6F90099E39A /* SnapKit in Frameworks */ = {isa = PBXBuildFile; productRef = FBC758DE294DF6F90099E39A /* SnapKit */; };
		FBC758E2294DF7070099E39A /* Kingfisher in Frameworks */ = {isa = PBXBuildFile; productRef = FBC758E1294DF7070099E39A /* Kingfisher */; };
		FBC758E4294DF75E0099E39A /* Beer.swift in Sources */ = {isa = PBXBuildFile; fileRef = FBC758E3294DF75E0099E39A /* Beer.swift */; };
		FBC758E6294DFD2A0099E39A /* BeerListCell.swift in Sources */ = {isa = PBXBuildFile; fileRef = FBC758E5294DFD2A0099E39A /* BeerListCell.swift */; };
		FBC758E8294E08C00099E39A /* beer.png in Resources */ = {isa = PBXBuildFile; fileRef = FBC758E7294E08C00099E39A /* beer.png */; };
		FBC758EA294E0B550099E39A /* BeerDetailViewController.swift in Sources */ = {isa = PBXBuildFile; fileRef = FBC758E9294E0B550099E39A /* BeerDetailViewController.swift */; };
/* End PBXBuildFile section */

/* Begin PBXFileReference section */
		FBC758C4294DF5B70099E39A /* Brewery.app */ = {isa = PBXFileReference; explicitFileType = wrapper.application; includeInIndex = 0; path = Brewery.app; sourceTree = BUILT_PRODUCTS_DIR; };
		FBC758C7294DF5B70099E39A /* AppDelegate.swift */ = {isa = PBXFileReference; lastKnownFileType = sourcecode.swift; path = AppDelegate.swift; sourceTree = "<group>"; };
		FBC758C9294DF5B70099E39A /* SceneDelegate.swift */ = {isa = PBXFileReference; lastKnownFileType = sourcecode.swift; path = SceneDelegate.swift; sourceTree = "<group>"; };
		FBC758D0294DF5B90099E39A /* Assets.xcassets */ = {isa = PBXFileReference; lastKnownFileType = folder.assetcatalog; path = Assets.xcassets; sourceTree = "<group>"; };
		FBC758D3294DF5B90099E39A /* Base */ = {isa = PBXFileReference; lastKnownFileType = file.storyboard; name = Base; path = Base.lproj/LaunchScreen.storyboard; sourceTree = "<group>"; };
		FBC758D5294DF5B90099E39A /* Info.plist */ = {isa = PBXFileReference; lastKnownFileType = text.plist.xml; path = Info.plist; sourceTree = "<group>"; };
		FBC758DB294DF6200099E39A /* BeerListViewController.swift */ = {isa = PBXFileReference; lastKnownFileType = sourcecode.swift; path = BeerListViewController.swift; sourceTree = "<group>"; };
		FBC758E3294DF75E0099E39A /* Beer.swift */ = {isa = PBXFileReference; lastKnownFileType = sourcecode.swift; path = Beer.swift; sourceTree = "<group>"; };
		FBC758E5294DFD2A0099E39A /* BeerListCell.swift */ = {isa = PBXFileReference; lastKnownFileType = sourcecode.swift; path = BeerListCell.swift; sourceTree = "<group>"; };
		FBC758E7294E08C00099E39A /* beer.png */ = {isa = PBXFileReference; lastKnownFileType = image.png; name = beer.png; path = ../../../Downloads/beer.png; sourceTree = "<group>"; };
		FBC758E9294E0B550099E39A /* BeerDetailViewController.swift */ = {isa = PBXFileReference; lastKnownFileType = sourcecode.swift; path = BeerDetailViewController.swift; sourceTree = "<group>"; };
/* End PBXFileReference section */

/* Begin PBXFrameworksBuildPhase section */
		FBC758C1294DF5B70099E39A /* Frameworks */ = {
			isa = PBXFrameworksBuildPhase;
			buildActionMask = 2147483647;
			files = (
				FBC758E2294DF7070099E39A /* Kingfisher in Frameworks */,
				FBC758DF294DF6F90099E39A /* SnapKit in Frameworks */,
			);
			runOnlyForDeploymentPostprocessing = 0;
		};
/* End PBXFrameworksBuildPhase section */

/* Begin PBXGroup section */
		FBC758BB294DF5B70099E39A = {
			isa = PBXGroup;
			children = (
				FBC758C6294DF5B70099E39A /* Brewery */,
				FBC758C5294DF5B70099E39A /* Products */,
			);
			sourceTree = "<group>";
		};
		FBC758C5294DF5B70099E39A /* Products */ = {
			isa = PBXGroup;
			children = (
				FBC758C4294DF5B70099E39A /* Brewery.app */,
			);
			name = Products;
			sourceTree = "<group>";
		};
		FBC758C6294DF5B70099E39A /* Brewery */ = {
			isa = PBXGroup;
			children = (
				FBC758C7294DF5B70099E39A /* AppDelegate.swift */,
				FBC758C9294DF5B70099E39A /* SceneDelegate.swift */,
				FBC758D0294DF5B90099E39A /* Assets.xcassets */,
				FBC758D2294DF5B90099E39A /* LaunchScreen.storyboard */,
				FBC758D5294DF5B90099E39A /* Info.plist */,
				FBC758DB294DF6200099E39A /* BeerListViewController.swift */,
				FBC758E5294DFD2A0099E39A /* BeerListCell.swift */,
				FBC758E9294E0B550099E39A /* BeerDetailViewController.swift */,
				FBC758E3294DF75E0099E39A /* Beer.swift */,
				FBC758E7294E08C00099E39A /* beer.png */,
			);
			path = Brewery;
			sourceTree = "<group>";
		};
/* End PBXGroup section */

/* Begin PBXNativeTarget section */
		FBC758C3294DF5B70099E39A /* Brewery */ = {
			isa = PBXNativeTarget;
			buildConfigurationList = FBC758D8294DF5B90099E39A /* Build configuration list for PBXNativeTarget "Brewery" */;
			buildPhases = (
				FBC758C0294DF5B70099E39A /* Sources */,
				FBC758C1294DF5B70099E39A /* Frameworks */,
				FBC758C2294DF5B70099E39A /* Resources */,
			);
			buildRules = (
			);
			dependencies = (
			);
			name = Brewery;
			packageProductDependencies = (
				FBC758DE294DF6F90099E39A /* SnapKit */,
				FBC758E1294DF7070099E39A /* Kingfisher */,
			);
			productName = Brewery;
			productReference = FBC758C4294DF5B70099E39A /* Brewery.app */;
			productType = "com.apple.product-type.application";
		};
/* End PBXNativeTarget section */

/* Begin PBXProject section */
		FBC758BC294DF5B70099E39A /* Project object */ = {
			isa = PBXProject;
			attributes = {
				BuildIndependentTargetsInParallel = 1;
				LastSwiftUpdateCheck = 1420;
				LastUpgradeCheck = 1420;
				TargetAttributes = {
					FBC758C3294DF5B70099E39A = {
						CreatedOnToolsVersion = 14.2;
					};
				};
			};
			buildConfigurationList = FBC758BF294DF5B70099E39A /* Build configuration list for PBXProject "Brewery" */;
			compatibilityVersion = "Xcode 14.0";
			developmentRegion = en;
			hasScannedForEncodings = 0;
			knownRegions = (
				en,
				Base,
			);
			mainGroup = FBC758BB294DF5B70099E39A;
			packageReferences = (
				FBC758DD294DF6F90099E39A /* XCRemoteSwiftPackageReference "SnapKit" */,
				FBC758E0294DF7070099E39A /* XCRemoteSwiftPackageReference "Kingfisher" */,
			);
			productRefGroup = FBC758C5294DF5B70099E39A /* Products */;
			projectDirPath = "";
			projectRoot = "";
			targets = (
				FBC758C3294DF5B70099E39A /* Brewery */,
			);
		};
/* End PBXProject section */

/* Begin PBXResourcesBuildPhase section */
		FBC758C2294DF5B70099E39A /* Resources */ = {
			isa = PBXResourcesBuildPhase;
			buildActionMask = 2147483647;
			files = (
				FBC758D4294DF5B90099E39A /* LaunchScreen.storyboard in Resources */,
				FBC758D1294DF5B90099E39A /* Assets.xcassets in Resources */,
				FBC758E8294E08C00099E39A /* beer.png in Resources */,
			);
			runOnlyForDeploymentPostprocessing = 0;
		};
/* End PBXResourcesBuildPhase section */

/* Begin PBXSourcesBuildPhase section */
		FBC758C0294DF5B70099E39A /* Sources */ = {
			isa = PBXSourcesBuildPhase;
			buildActionMask = 2147483647;
			files = (
				FBC758DC294DF6200099E39A /* BeerListViewController.swift in Sources */,
				FBC758EA294E0B550099E39A /* BeerDetailViewController.swift in Sources */,
				FBC758C8294DF5B70099E39A /* AppDelegate.swift in Sources */,
				FBC758CA294DF5B70099E39A /* SceneDelegate.swift in Sources */,
				FBC758E4294DF75E0099E39A /* Beer.swift in Sources */,
				FBC758E6294DFD2A0099E39A /* BeerListCell.swift in Sources */,
			);
			runOnlyForDeploymentPostprocessing = 0;
		};
/* End PBXSourcesBuildPhase section */

/* Begin PBXVariantGroup section */
		FBC758D2294DF5B90099E39A /* LaunchScreen.storyboard */ = {
			isa = PBXVariantGroup;
			children = (
				FBC758D3294DF5B90099E39A /* Base */,
			);
			name = LaunchScreen.storyboard;
			sourceTree = "<group>";
		};
/* End PBXVariantGroup section */

/* Begin XCBuildConfiguration section */
		FBC758D6294DF5B90099E39A /* Debug */ = {
			isa = XCBuildConfiguration;
			buildSettings = {
				ALWAYS_SEARCH_USER_PATHS = NO;
				CLANG_ANALYZER_NONNULL = YES;
				CLANG_ANALYZER_NUMBER_OBJECT_CONVERSION = YES_AGGRESSIVE;
				CLANG_CXX_LANGUAGE_STANDARD = "gnu++20";
				CLANG_ENABLE_MODULES = YES;
				CLANG_ENABLE_OBJC_ARC = YES;
				CLANG_ENABLE_OBJC_WEAK = YES;
				CLANG_WARN_BLOCK_CAPTURE_AUTORELEASING = YES;
				CLANG_WARN_BOOL_CONVERSION = YES;
				CLANG_WARN_COMMA = YES;
				CLANG_WARN_CONSTANT_CONVERSION = YES;
				CLANG_WARN_DEPRECATED_OBJC_IMPLEMENTATIONS = YES;
				CLANG_WARN_DIRECT_OBJC_ISA_USAGE = YES_ERROR;
				CLANG_WARN_DOCUMENTATION_COMMENTS = YES;
				CLANG_WARN_EMPTY_BODY = YES;
				CLANG_WARN_ENUM_CONVERSION = YES;
				CLANG_WARN_INFINITE_RECURSION = YES;
				CLANG_WARN_INT_CONVERSION = YES;
				CLANG_WARN_NON_LITERAL_NULL_CONVERSION = YES;
				CLANG_WARN_OBJC_IMPLICIT_RETAIN_SELF = YES;
				CLANG_WARN_OBJC_LITERAL_CONVERSION = YES;
				CLANG_WARN_OBJC_ROOT_CLASS = YES_ERROR;
				CLANG_WARN_QUOTED_INCLUDE_IN_FRAMEWORK_HEADER = YES;
				CLANG_WARN_RANGE_LOOP_ANALYSIS = YES;
				CLANG_WARN_STRICT_PROTOTYPES = YES;
				CLANG_WARN_SUSPICIOUS_MOVE = YES;
				CLANG_WARN_UNGUARDED_AVAILABILITY = YES_AGGRESSIVE;
				CLANG_WARN_UNREACHABLE_CODE = YES;
				CLANG_WARN__DUPLICATE_METHOD_MATCH = YES;
				COPY_PHASE_STRIP = NO;
				DEBUG_INFORMATION_FORMAT = dwarf;
				ENABLE_STRICT_OBJC_MSGSEND = YES;
				ENABLE_TESTABILITY = YES;
				GCC_C_LANGUAGE_STANDARD = gnu11;
				GCC_DYNAMIC_NO_PIC = NO;
				GCC_NO_COMMON_BLOCKS = YES;
				GCC_OPTIMIZATION_LEVEL = 0;
				GCC_PREPROCESSOR_DEFINITIONS = (
					"DEBUG=1",
					"$(inherited)",
				);
				GCC_WARN_64_TO_32_BIT_CONVERSION = YES;
				GCC_WARN_ABOUT_RETURN_TYPE = YES_ERROR;
				GCC_WARN_UNDECLARED_SELECTOR = YES;
				GCC_WARN_UNINITIALIZED_AUTOS = YES_AGGRESSIVE;
				GCC_WARN_UNUSED_FUNCTION = YES;
				GCC_WARN_UNUSED_VARIABLE = YES;
				IPHONEOS_DEPLOYMENT_TARGET = 16.2;
				MTL_ENABLE_DEBUG_INFO = INCLUDE_SOURCE;
				MTL_FAST_MATH = YES;
				ONLY_ACTIVE_ARCH = YES;
				SDKROOT = iphoneos;
				SWIFT_ACTIVE_COMPILATION_CONDITIONS = DEBUG;
				SWIFT_OPTIMIZATION_LEVEL = "-Onone";
			};
			name = Debug;
		};
		FBC758D7294DF5B90099E39A /* Release */ = {
			isa = XCBuildConfiguration;
			buildSettings = {
				ALWAYS_SEARCH_USER_PATHS = NO;
				CLANG_ANALYZER_NONNULL = YES;
				CLANG_ANALYZER_NUMBER_OBJECT_CONVERSION = YES_AGGRESSIVE;
				CLANG_CXX_LANGUAGE_STANDARD = "gnu++20";
				CLANG_ENABLE_MODULES = YES;
				CLANG_ENABLE_OBJC_ARC = YES;
				CLANG_ENABLE_OBJC_WEAK = YES;
				CLANG_WARN_BLOCK_CAPTURE_AUTORELEASING = YES;
				CLANG_WARN_BOOL_CONVERSION = YES;
				CLANG_WARN_COMMA = YES;
				CLANG_WARN_CONSTANT_CONVERSION = YES;
				CLANG_WARN_DEPRECATED_OBJC_IMPLEMENTATIONS = YES;
				CLANG_WARN_DIRECT_OBJC_ISA_USAGE = YES_ERROR;
				CLANG_WARN_DOCUMENTATION_COMMENTS = YES;
				CLANG_WARN_EMPTY_BODY = YES;
				CLANG_WARN_ENUM_CONVERSION = YES;
				CLANG_WARN_INFINITE_RECURSION = YES;
				CLANG_WARN_INT_CONVERSION = YES;
				CLANG_WARN_NON_LITERAL_NULL_CONVERSION = YES;
				CLANG_WARN_OBJC_IMPLICIT_RETAIN_SELF = YES;
				CLANG_WARN_OBJC_LITERAL_CONVERSION = YES;
				CLANG_WARN_OBJC_ROOT_CLASS = YES_ERROR;
				CLANG_WARN_QUOTED_INCLUDE_IN_FRAMEWORK_HEADER = YES;
				CLANG_WARN_RANGE_LOOP_ANALYSIS = YES;
				CLANG_WARN_STRICT_PROTOTYPES = YES;
				CLANG_WARN_SUSPICIOUS_MOVE = YES;
				CLANG_WARN_UNGUARDED_AVAILABILITY = YES_AGGRESSIVE;
				CLANG_WARN_UNREACHABLE_CODE = YES;
				CLANG_WARN__DUPLICATE_METHOD_MATCH = YES;
				COPY_PHASE_STRIP = NO;
				DEBUG_INFORMATION_FORMAT = "dwarf-with-dsym";
				ENABLE_NS_ASSERTIONS = NO;
				ENABLE_STRICT_OBJC_MSGSEND = YES;
				GCC_C_LANGUAGE_STANDARD = gnu11;
				GCC_NO_COMMON_BLOCKS = YES;
				GCC_WARN_64_TO_32_BIT_CONVERSION = YES;
				GCC_WARN_ABOUT_RETURN_TYPE = YES_ERROR;
				GCC_WARN_UNDECLARED_SELECTOR = YES;
				GCC_WARN_UNINITIALIZED_AUTOS = YES_AGGRESSIVE;
				GCC_WARN_UNUSED_FUNCTION = YES;
				GCC_WARN_UNUSED_VARIABLE = YES;
				IPHONEOS_DEPLOYMENT_TARGET = 16.2;
				MTL_ENABLE_DEBUG_INFO = NO;
				MTL_FAST_MATH = YES;
				SDKROOT = iphoneos;
				SWIFT_COMPILATION_MODE = wholemodule;
				SWIFT_OPTIMIZATION_LEVEL = "-O";
				VALIDATE_PRODUCT = YES;
			};
			name = Release;
		};
		FBC758D9294DF5B90099E39A /* Debug */ = {
			isa = XCBuildConfiguration;
			buildSettings = {
				ASSETCATALOG_COMPILER_APPICON_NAME = AppIcon;
				ASSETCATALOG_COMPILER_GLOBAL_ACCENT_COLOR_NAME = AccentColor;
				CODE_SIGN_STYLE = Automatic;
				CURRENT_PROJECT_VERSION = 1;
				DEVELOPMENT_TEAM = A2Z3TZ2R89;
				GENERATE_INFOPLIST_FILE = YES;
				INFOPLIST_FILE = Brewery/Info.plist;
				INFOPLIST_KEY_UIApplicationSupportsIndirectInputEvents = YES;
				INFOPLIST_KEY_UILaunchStoryboardName = LaunchScreen;
				INFOPLIST_KEY_UISupportedInterfaceOrientations_iPad = "UIInterfaceOrientationPortrait UIInterfaceOrientationPortraitUpsideDown UIInterfaceOrientationLandscapeLeft UIInterfaceOrientationLandscapeRight";
				INFOPLIST_KEY_UISupportedInterfaceOrientations_iPhone = "UIInterfaceOrientationPortrait UIInterfaceOrientationLandscapeLeft UIInterfaceOrientationLandscapeRight";
				LD_RUNPATH_SEARCH_PATHS = (
					"$(inherited)",
					"@executable_path/Frameworks",
				);
				MARKETING_VERSION = 1.0;
				PRODUCT_BUNDLE_IDENTIFIER = lsw.Brewery;
				PRODUCT_NAME = "$(TARGET_NAME)";
				SWIFT_EMIT_LOC_STRINGS = YES;
				SWIFT_VERSION = 5.0;
				TARGETED_DEVICE_FAMILY = "1,2";
			};
			name = Debug;
		};
		FBC758DA294DF5B90099E39A /* Release */ = {
			isa = XCBuildConfiguration;
			buildSettings = {
				ASSETCATALOG_COMPILER_APPICON_NAME = AppIcon;
				ASSETCATALOG_COMPILER_GLOBAL_ACCENT_COLOR_NAME = AccentColor;
				CODE_SIGN_STYLE = Automatic;
				CURRENT_PROJECT_VERSION = 1;
				DEVELOPMENT_TEAM = A2Z3TZ2R89;
				GENERATE_INFOPLIST_FILE = YES;
				INFOPLIST_FILE = Brewery/Info.plist;
				INFOPLIST_KEY_UIApplicationSupportsIndirectInputEvents = YES;
				INFOPLIST_KEY_UILaunchStoryboardName = LaunchScreen;
				INFOPLIST_KEY_UISupportedInterfaceOrientations_iPad = "UIInterfaceOrientationPortrait UIInterfaceOrientationPortraitUpsideDown UIInterfaceOrientationLandscapeLeft UIInterfaceOrientationLandscapeRight";
				INFOPLIST_KEY_UISupportedInterfaceOrientations_iPhone = "UIInterfaceOrientationPortrait UIInterfaceOrientationLandscapeLeft UIInterfaceOrientationLandscapeRight";
				LD_RUNPATH_SEARCH_PATHS = (
					"$(inherited)",
					"@executable_path/Frameworks",
				);
				MARKETING_VERSION = 1.0;
				PRODUCT_BUNDLE_IDENTIFIER = lsw.Brewery;
				PRODUCT_NAME = "$(TARGET_NAME)";
				SWIFT_EMIT_LOC_STRINGS = YES;
				SWIFT_VERSION = 5.0;
				TARGETED_DEVICE_FAMILY = "1,2";
			};
			name = Release;
		};
/* End XCBuildConfiguration section */

/* Begin XCConfigurationList section */
		FBC758BF294DF5B70099E39A /* Build configuration list for PBXProject "Brewery" */ = {
			isa = XCConfigurationList;
			buildConfigurations = (
				FBC758D6294DF5B90099E39A /* Debug */,
				FBC758D7294DF5B90099E39A /* Release */,
			);
			defaultConfigurationIsVisible = 0;
			defaultConfigurationName = Release;
		};
		FBC758D8294DF5B90099E39A /* Build configuration list for PBXNativeTarget "Brewery" */ = {
			isa = XCConfigurationList;
			buildConfigurations = (
				FBC758D9294DF5B90099E39A /* Debug */,
				FBC758DA294DF5B90099E39A /* Release */,
			);
			defaultConfigurationIsVisible = 0;
			defaultConfigurationName = Release;
		};
/* End XCConfigurationList section */

/* Begin XCRemoteSwiftPackageReference section */
		FBC758DD294DF6F90099E39A /* XCRemoteSwiftPackageReference "SnapKit" */ = {
			isa = XCRemoteSwiftPackageReference;
			repositoryURL = "https://github.com/SnapKit/SnapKit.git";
			requirement = {
				branch = develop;
				kind = branch;
			};
		};
		FBC758E0294DF7070099E39A /* XCRemoteSwiftPackageReference "Kingfisher" */ = {
			isa = XCRemoteSwiftPackageReference;
			repositoryURL = "https://github.com/onevcat/Kingfisher.git";
			requirement = {
				branch = master;
				kind = branch;
			};
		};
/* End XCRemoteSwiftPackageReference section */

/* Begin XCSwiftPackageProductDependency section */
		FBC758DE294DF6F90099E39A /* SnapKit */ = {
			isa = XCSwiftPackageProductDependency;
			package = FBC758DD294DF6F90099E39A /* XCRemoteSwiftPackageReference "SnapKit" */;
			productName = SnapKit;
		};
		FBC758E1294DF7070099E39A /* Kingfisher */ = {
			isa = XCSwiftPackageProductDependency;
			package = FBC758E0294DF7070099E39A /* XCRemoteSwiftPackageReference "Kingfisher" */;
			productName = Kingfisher;
		};
/* End XCSwiftPackageProductDependency section */
	};
	rootObject = FBC758BC294DF5B70099E39A /* Project object */;
}
